
Microsoft Visual Studio Solution File, Format Version 12.00
# Visual Studio Version 17
VisualStudioVersion = 17.14.36212.18 d17.14
MinimumVisualStudioVersion = 10.0.40219.1
Project("{FAE04EC0-301F-11D3-BF4B-00C04F79EFBC}") = "CustomerCommLib", "CustomerCommLib.csproj", "{2F0ADF18-60BB-43BD-AB87-048ABF50F3B3}"
EndProject
Project("{FAE04EC0-301F-11D3-BF4B-00C04F79EFBC}") = "CustomerComm.Tests", "..\CustomerComm.Tests\CustomerComm.Tests.csproj", "{180CDCEF-027A-4A46-9D9B-C573347FCF7B}"
EndProject
Global
	GlobalSection(SolutionConfigurationPlatforms) = preSolution
		Debug|Any CPU = Debug|Any CPU
		Release|Any CPU = Release|Any CPU
	EndGlobalSection
	GlobalSection(ProjectConfigurationPlatforms) = postSolution
		{2F0ADF18-60BB-43BD-AB87-048ABF50F3B3}.Debug|Any CPU.ActiveCfg = Debug|Any CPU
		{2F0ADF18-60BB-43BD-AB87-048ABF50F3B3}.Debug|Any CPU.Build.0 = Debug|Any CPU
		{2F0ADF18-60BB-43BD-AB87-048ABF50F3B3}.Release|Any CPU.ActiveCfg = Release|Any CPU
		{2F0ADF18-60BB-43BD-AB87-048ABF50F3B3}.Release|Any CPU.Build.0 = Release|Any CPU
		{180CDCEF-027A-4A46-9D9B-C573347FCF7B}.Debug|Any CPU.ActiveCfg = Debug|Any CPU
		{180CDCEF-027A-4A46-9D9B-C573347FCF7B}.Debug|Any CPU.Build.0 = Debug|Any CPU
		{180CDCEF-027A-4A46-9D9B-C573347FCF7B}.Release|Any CPU.ActiveCfg = Release|Any CPU
		{180CDCEF-027A-4A46-9D9B-C573347FCF7B}.Release|Any CPU.Build.0 = Release|Any CPU
	EndGlobalSection
	GlobalSection(SolutionProperties) = preSolution
		HideSolutionNode = FALSE
	EndGlobalSection
	GlobalSection(ExtensibilityGlobals) = postSolution
		SolutionGuid = {433AE962-E50E-437A-BAF7-53A4CA1F138A}
	EndGlobalSection
EndGlobal
